// !$*UTF8*$!
{
	archiveVersion = 1;
	classes = {
	};
	objectVersion = 46;
	objects = {

/* Begin PBXBuildFile section */
		AA6523861A25FC8700F36B48 /* main.m in Sources */ = {isa = PBXBuildFile; fileRef = AA6523851A25FC8700F36B48 /* main.m */; };
		AA6523891A25FC8700F36B48 /* AppDelegate.m in Sources */ = {isa = PBXBuildFile; fileRef = AA6523881A25FC8700F36B48 /* AppDelegate.m */; };
		AA65238C1A25FC8700F36B48 /* ViewController.m in Sources */ = {isa = PBXBuildFile; fileRef = AA65238B1A25FC8700F36B48 /* ViewController.m */; };
		AA65238F1A25FC8700F36B48 /* Main.storyboard in Resources */ = {isa = PBXBuildFile; fileRef = AA65238D1A25FC8700F36B48 /* Main.storyboard */; };
		AA6523911A25FC8700F36B48 /* Images.xcassets in Resources */ = {isa = PBXBuildFile; fileRef = AA6523901A25FC8700F36B48 /* Images.xcassets */; };
		AA6523941A25FC8700F36B48 /* LaunchScreen.xib in Resources */ = {isa = PBXBuildFile; fileRef = AA6523921A25FC8700F36B48 /* LaunchScreen.xib */; };
		AA6523A01A25FC8700F36B48 /* Virtual_TravelTests.m in Sources */ = {isa = PBXBuildFile; fileRef = AA65239F1A25FC8700F36B48 /* Virtual_TravelTests.m */; };
		AA6523E41A25FD5900F36B48 /* settingViewController.m in Sources */ = {isa = PBXBuildFile; fileRef = AA6523E31A25FD5900F36B48 /* settingViewController.m */; };
		AA6523E71A25FD8A00F36B48 /* streetViewController.m in Sources */ = {isa = PBXBuildFile; fileRef = AA6523E61A25FD8A00F36B48 /* streetViewController.m */; };
		AA6523EA1A25FD8F00F36B48 /* RCApplication.m in Sources */ = {isa = PBXBuildFile; fileRef = AA6523E91A25FD8F00F36B48 /* RCApplication.m */; };
		AA6523ED1A25FDCC00F36B48 /* GoogleMaps.bundle in Resources */ = {isa = PBXBuildFile; fileRef = AA6523EC1A25FDCC00F36B48 /* GoogleMaps.bundle */; };
		AA6523EF1A25FFA000F36B48 /* UIKit.framework in Frameworks */ = {isa = PBXBuildFile; fileRef = AA6523EE1A25FFA000F36B48 /* UIKit.framework */; };
		AA6523F11A25FFA600F36B48 /* QuartzCore.framework in Frameworks */ = {isa = PBXBuildFile; fileRef = AA6523F01A25FFA600F36B48 /* QuartzCore.framework */; };
		AA6523F71A26002500F36B48 /* CoreLocation.framework in Frameworks */ = {isa = PBXBuildFile; fileRef = AA6523F61A26002500F36B48 /* CoreLocation.framework */; };
		AA6523FB1A26015200F36B48 /* libstdc++.dylib in Frameworks */ = {isa = PBXBuildFile; fileRef = AA6523FA1A26015200F36B48 /* libstdc++.dylib */; };
		AA6523FD1A26015900F36B48 /* Accounts.framework in Frameworks */ = {isa = PBXBuildFile; fileRef = AA6523FC1A26015900F36B48 /* Accounts.framework */; };
		AA6523FF1A26018C00F36B48 /* DaumSpeech.framework in Frameworks */ = {isa = PBXBuildFile; fileRef = AA6523FE1A26018C00F36B48 /* DaumSpeech.framework */; };
		AA6524011A26019300F36B48 /* MediaPlayer.framework in Frameworks */ = {isa = PBXBuildFile; fileRef = AA6524001A26019300F36B48 /* MediaPlayer.framework */; };
		AA6524041A2601B400F36B48 /* Bolts.framework in Frameworks */ = {isa = PBXBuildFile; fileRef = AA6524021A2601B400F36B48 /* Bolts.framework */; };
		AA6524051A2601B400F36B48 /* Parse.framework in Frameworks */ = {isa = PBXBuildFile; fileRef = AA6524031A2601B400F36B48 /* Parse.framework */; };
		AA6524071A2601BE00F36B48 /* Security.framework in Frameworks */ = {isa = PBXBuildFile; fileRef = AA6524061A2601BE00F36B48 /* Security.framework */; };
		AA6524091A2601C500F36B48 /* MobileCoreServices.framework in Frameworks */ = {isa = PBXBuildFile; fileRef = AA6524081A2601C500F36B48 /* MobileCoreServices.framework */; };
		AA65240B1A2601CB00F36B48 /* CFNetwork.framework in Frameworks */ = {isa = PBXBuildFile; fileRef = AA65240A1A2601CB00F36B48 /* CFNetwork.framework */; };
		AA65240D1A2601D100F36B48 /* AudioToolbox.framework in Frameworks */ = {isa = PBXBuildFile; fileRef = AA65240C1A2601D100F36B48 /* AudioToolbox.framework */; };
		AA65240F1A2601DD00F36B48 /* GoogleMaps.framework in Frameworks */ = {isa = PBXBuildFile; fileRef = AA65240E1A2601DD00F36B48 /* GoogleMaps.framework */; };
		AA6524111A2601E400F36B48 /* libz.dylib in Frameworks */ = {isa = PBXBuildFile; fileRef = AA6524101A2601E400F36B48 /* libz.dylib */; };
		AA6524131A2601EA00F36B48 /* libobjc.dylib in Frameworks */ = {isa = PBXBuildFile; fileRef = AA6524121A2601EA00F36B48 /* libobjc.dylib */; };
		AA6524151A2601F200F36B48 /* libicucore.dylib in Frameworks */ = {isa = PBXBuildFile; fileRef = AA6524141A2601F200F36B48 /* libicucore.dylib */; };
		AA6524171A2601FA00F36B48 /* libc++.dylib in Frameworks */ = {isa = PBXBuildFile; fileRef = AA6524161A2601FA00F36B48 /* libc++.dylib */; };
		AA6524191A26020500F36B48 /* SystemConfiguration.framework in Frameworks */ = {isa = PBXBuildFile; fileRef = AA6524181A26020500F36B48 /* SystemConfiguration.framework */; };
		AA65241B1A26020C00F36B48 /* OpenGLES.framework in Frameworks */ = {isa = PBXBuildFile; fileRef = AA65241A1A26020C00F36B48 /* OpenGLES.framework */; };
		AA65241D1A26021300F36B48 /* ImageIO.framework in Frameworks */ = {isa = PBXBuildFile; fileRef = AA65241C1A26021300F36B48 /* ImageIO.framework */; };
		AA65241F1A26021B00F36B48 /* GLKit.framework in Frameworks */ = {isa = PBXBuildFile; fileRef = AA65241E1A26021B00F36B48 /* GLKit.framework */; };
		AA6524211A26022100F36B48 /* Foundation.framework in Frameworks */ = {isa = PBXBuildFile; fileRef = AA6524201A26022100F36B48 /* Foundation.framework */; };
		AA6524231A26022900F36B48 /* CoreText.framework in Frameworks */ = {isa = PBXBuildFile; fileRef = AA6524221A26022900F36B48 /* CoreText.framework */; };
		AA6524251A26023600F36B48 /* CoreGraphics.framework in Frameworks */ = {isa = PBXBuildFile; fileRef = AA6524241A26023600F36B48 /* CoreGraphics.framework */; };
		AA6524271A26023C00F36B48 /* CoreFoundation.framework in Frameworks */ = {isa = PBXBuildFile; fileRef = AA6524261A26023C00F36B48 /* CoreFoundation.framework */; };
		AA6524291A26024300F36B48 /* CoreData.framework in Frameworks */ = {isa = PBXBuildFile; fileRef = AA6524281A26024300F36B48 /* CoreData.framework */; };
		AA65242B1A26024700F36B48 /* AVFoundation.framework in Frameworks */ = {isa = PBXBuildFile; fileRef = AA65242A1A26024700F36B48 /* AVFoundation.framework */; };
/* End PBXBuildFile section */

/* Begin PBXContainerItemProxy section */
		AA65239A1A25FC8700F36B48 /* PBXContainerItemProxy */ = {
			isa = PBXContainerItemProxy;
			containerPortal = AA6523781A25FC8700F36B48 /* Project object */;
			proxyType = 1;
			remoteGlobalIDString = AA65237F1A25FC8700F36B48;
			remoteInfo = "Virtual Travel";
		};
/* End PBXContainerItemProxy section */

/* Begin PBXFileReference section */
		AA6523801A25FC8700F36B48 /* Virtual Travel.app */ = {isa = PBXFileReference; explicitFileType = wrapper.application; includeInIndex = 0; path = "Virtual Travel.app"; sourceTree = BUILT_PRODUCTS_DIR; };
		AA6523841A25FC8700F36B48 /* Info.plist */ = {isa = PBXFileReference; lastKnownFileType = text.plist.xml; path = Info.plist; sourceTree = "<group>"; };
		AA6523851A25FC8700F36B48 /* main.m */ = {isa = PBXFileReference; lastKnownFileType = sourcecode.c.objc; path = main.m; sourceTree = "<group>"; };
		AA6523871A25FC8700F36B48 /* AppDelegate.h */ = {isa = PBXFileReference; lastKnownFileType = sourcecode.c.h; path = AppDelegate.h; sourceTree = "<group>"; };
		AA6523881A25FC8700F36B48 /* AppDelegate.m */ = {isa = PBXFileReference; lastKnownFileType = sourcecode.c.objc; path = AppDelegate.m; sourceTree = "<group>"; };
		AA65238A1A25FC8700F36B48 /* ViewController.h */ = {isa = PBXFileReference; lastKnownFileType = sourcecode.c.h; path = ViewController.h; sourceTree = "<group>"; };
		AA65238B1A25FC8700F36B48 /* ViewController.m */ = {isa = PBXFileReference; lastKnownFileType = sourcecode.c.objc; path = ViewController.m; sourceTree = "<group>"; };
		AA65238E1A25FC8700F36B48 /* Base */ = {isa = PBXFileReference; lastKnownFileType = file.storyboard; name = Base; path = Base.lproj/Main.storyboard; sourceTree = "<group>"; };
		AA6523901A25FC8700F36B48 /* Images.xcassets */ = {isa = PBXFileReference; lastKnownFileType = folder.assetcatalog; path = Images.xcassets; sourceTree = "<group>"; };
		AA6523931A25FC8700F36B48 /* Base */ = {isa = PBXFileReference; lastKnownFileType = file.xib; name = Base; path = Base.lproj/LaunchScreen.xib; sourceTree = "<group>"; };
		AA6523991A25FC8700F36B48 /* Virtual TravelTests.xctest */ = {isa = PBXFileReference; explicitFileType = wrapper.cfbundle; includeInIndex = 0; path = "Virtual TravelTests.xctest"; sourceTree = BUILT_PRODUCTS_DIR; };
		AA65239E1A25FC8700F36B48 /* Info.plist */ = {isa = PBXFileReference; lastKnownFileType = text.plist.xml; path = Info.plist; sourceTree = "<group>"; };
		AA65239F1A25FC8700F36B48 /* Virtual_TravelTests.m */ = {isa = PBXFileReference; lastKnownFileType = sourcecode.c.objc; path = Virtual_TravelTests.m; sourceTree = "<group>"; };
		AA6523E21A25FD5900F36B48 /* settingViewController.h */ = {isa = PBXFileReference; fileEncoding = 4; lastKnownFileType = sourcecode.c.h; path = settingViewController.h; sourceTree = "<group>"; };
		AA6523E31A25FD5900F36B48 /* settingViewController.m */ = {isa = PBXFileReference; fileEncoding = 4; lastKnownFileType = sourcecode.c.objc; path = settingViewController.m; sourceTree = "<group>"; };
		AA6523E51A25FD8A00F36B48 /* streetViewController.h */ = {isa = PBXFileReference; fileEncoding = 4; lastKnownFileType = sourcecode.c.h; path = streetViewController.h; sourceTree = "<group>"; };
		AA6523E61A25FD8A00F36B48 /* streetViewController.m */ = {isa = PBXFileReference; fileEncoding = 4; lastKnownFileType = sourcecode.c.objc; path = streetViewController.m; sourceTree = "<group>"; };
		AA6523E81A25FD8F00F36B48 /* RCApplication.h */ = {isa = PBXFileReference; fileEncoding = 4; lastKnownFileType = sourcecode.c.h; path = RCApplication.h; sourceTree = "<group>"; };
		AA6523E91A25FD8F00F36B48 /* RCApplication.m */ = {isa = PBXFileReference; fileEncoding = 4; lastKnownFileType = sourcecode.c.objc; path = RCApplication.m; sourceTree = "<group>"; };
		AA6523EC1A25FDCC00F36B48 /* GoogleMaps.bundle */ = {isa = PBXFileReference; lastKnownFileType = "wrapper.plug-in"; path = GoogleMaps.bundle; sourceTree = "<group>"; };
		AA6523EE1A25FFA000F36B48 /* UIKit.framework */ = {isa = PBXFileReference; lastKnownFileType = wrapper.framework; name = UIKit.framework; path = System/Library/Frameworks/UIKit.framework; sourceTree = SDKROOT; };
		AA6523F01A25FFA600F36B48 /* QuartzCore.framework */ = {isa = PBXFileReference; lastKnownFileType = wrapper.framework; name = QuartzCore.framework; path = System/Library/Frameworks/QuartzCore.framework; sourceTree = SDKROOT; };
		AA6523F61A26002500F36B48 /* CoreLocation.framework */ = {isa = PBXFileReference; lastKnownFileType = wrapper.framework; name = CoreLocation.framework; path = System/Library/Frameworks/CoreLocation.framework; sourceTree = SDKROOT; };
		AA6523FA1A26015200F36B48 /* libstdc++.dylib */ = {isa = PBXFileReference; lastKnownFileType = "compiled.mach-o.dylib"; name = "libstdc++.dylib"; path = "usr/lib/libstdc++.dylib"; sourceTree = SDKROOT; };
		AA6523FC1A26015900F36B48 /* Accounts.framework */ = {isa = PBXFileReference; lastKnownFileType = wrapper.framework; name = Accounts.framework; path = System/Library/Frameworks/Accounts.framework; sourceTree = SDKROOT; };
		AA6523FE1A26018C00F36B48 /* DaumSpeech.framework */ = {isa = PBXFileReference; lastKnownFileType = wrapper.framework; name = DaumSpeech.framework; path = "../../Downloads/DaumSpeechIphoneOpenApiSample-2.1.0/internal/DaumSpeech-2.1.0/lib/Release/DaumSpeech.framework"; sourceTree = "<group>"; };
		AA6524001A26019300F36B48 /* MediaPlayer.framework */ = {isa = PBXFileReference; lastKnownFileType = wrapper.framework; name = MediaPlayer.framework; path = System/Library/Frameworks/MediaPlayer.framework; sourceTree = SDKROOT; };
		AA6524021A2601B400F36B48 /* Bolts.framework */ = {isa = PBXFileReference; lastKnownFileType = wrapper.framework; name = Bolts.framework; path = "../../Downloads/parse-library-1.5.0/Bolts.framework"; sourceTree = "<group>"; };
		AA6524031A2601B400F36B48 /* Parse.framework */ = {isa = PBXFileReference; lastKnownFileType = wrapper.framework; name = Parse.framework; path = "../../Downloads/parse-library-1.5.0/Parse.framework"; sourceTree = "<group>"; };
		AA6524061A2601BE00F36B48 /* Security.framework */ = {isa = PBXFileReference; lastKnownFileType = wrapper.framework; name = Security.framework; path = System/Library/Frameworks/Security.framework; sourceTree = SDKROOT; };
		AA6524081A2601C500F36B48 /* MobileCoreServices.framework */ = {isa = PBXFileReference; lastKnownFileType = wrapper.framework; name = MobileCoreServices.framework; path = System/Library/Frameworks/MobileCoreServices.framework; sourceTree = SDKROOT; };
		AA65240A1A2601CB00F36B48 /* CFNetwork.framework */ = {isa = PBXFileReference; lastKnownFileType = wrapper.framework; name = CFNetwork.framework; path = System/Library/Frameworks/CFNetwork.framework; sourceTree = SDKROOT; };
		AA65240C1A2601D100F36B48 /* AudioToolbox.framework */ = {isa = PBXFileReference; lastKnownFileType = wrapper.framework; name = AudioToolbox.framework; path = System/Library/Frameworks/AudioToolbox.framework; sourceTree = SDKROOT; };
		AA65240E1A2601DD00F36B48 /* GoogleMaps.framework */ = {isa = PBXFileReference; lastKnownFileType = wrapper.framework; name = GoogleMaps.framework; path = "../../Downloads/GoogleMaps-iOS-1.9.0/GoogleMaps.framework"; sourceTree = "<group>"; };
		AA6524101A2601E400F36B48 /* libz.dylib */ = {isa = PBXFileReference; lastKnownFileType = "compiled.mach-o.dylib"; name = libz.dylib; path = usr/lib/libz.dylib; sourceTree = SDKROOT; };
		AA6524121A2601EA00F36B48 /* libobjc.dylib */ = {isa = PBXFileReference; lastKnownFileType = "compiled.mach-o.dylib"; name = libobjc.dylib; path = usr/lib/libobjc.dylib; sourceTree = SDKROOT; };
		AA6524141A2601F200F36B48 /* libicucore.dylib */ = {isa = PBXFileReference; lastKnownFileType = "compiled.mach-o.dylib"; name = libicucore.dylib; path = usr/lib/libicucore.dylib; sourceTree = SDKROOT; };
		AA6524161A2601FA00F36B48 /* libc++.dylib */ = {isa = PBXFileReference; lastKnownFileType = "compiled.mach-o.dylib"; name = "libc++.dylib"; path = "usr/lib/libc++.dylib"; sourceTree = SDKROOT; };
		AA6524181A26020500F36B48 /* SystemConfiguration.framework */ = {isa = PBXFileReference; lastKnownFileType = wrapper.framework; name = SystemConfiguration.framework; path = System/Library/Frameworks/SystemConfiguration.framework; sourceTree = SDKROOT; };
		AA65241A1A26020C00F36B48 /* OpenGLES.framework */ = {isa = PBXFileReference; lastKnownFileType = wrapper.framework; name = OpenGLES.framework; path = System/Library/Frameworks/OpenGLES.framework; sourceTree = SDKROOT; };
		AA65241C1A26021300F36B48 /* ImageIO.framework */ = {isa = PBXFileReference; lastKnownFileType = wrapper.framework; name = ImageIO.framework; path = System/Library/Frameworks/ImageIO.framework; sourceTree = SDKROOT; };
		AA65241E1A26021B00F36B48 /* GLKit.framework */ = {isa = PBXFileReference; lastKnownFileType = wrapper.framework; name = GLKit.framework; path = System/Library/Frameworks/GLKit.framework; sourceTree = SDKROOT; };
		AA6524201A26022100F36B48 /* Foundation.framework */ = {isa = PBXFileReference; lastKnownFileType = wrapper.framework; name = Foundation.framework; path = System/Library/Frameworks/Foundation.framework; sourceTree = SDKROOT; };
		AA6524221A26022900F36B48 /* CoreText.framework */ = {isa = PBXFileReference; lastKnownFileType = wrapper.framework; name = CoreText.framework; path = System/Library/Frameworks/CoreText.framework; sourceTree = SDKROOT; };
		AA6524241A26023600F36B48 /* CoreGraphics.framework */ = {isa = PBXFileReference; lastKnownFileType = wrapper.framework; name = CoreGraphics.framework; path = System/Library/Frameworks/CoreGraphics.framework; sourceTree = SDKROOT; };
		AA6524261A26023C00F36B48 /* CoreFoundation.framework */ = {isa = PBXFileReference; lastKnownFileType = wrapper.framework; name = CoreFoundation.framework; path = System/Library/Frameworks/CoreFoundation.framework; sourceTree = SDKROOT; };
		AA6524281A26024300F36B48 /* CoreData.framework */ = {isa = PBXFileReference; lastKnownFileType = wrapper.framework; name = CoreData.framework; path = System/Library/Frameworks/CoreData.framework; sourceTree = SDKROOT; };
		AA65242A1A26024700F36B48 /* AVFoundation.framework */ = {isa = PBXFileReference; lastKnownFileType = wrapper.framework; name = AVFoundation.framework; path = System/Library/Frameworks/AVFoundation.framework; sourceTree = SDKROOT; };
/* End PBXFileReference section */

/* Begin PBXFrameworksBuildPhase section */
		AA65237D1A25FC8700F36B48 /* Frameworks */ = {
			isa = PBXFrameworksBuildPhase;
			buildActionMask = 2147483647;
			files = (
				AA65242B1A26024700F36B48 /* AVFoundation.framework in Frameworks */,
				AA6524291A26024300F36B48 /* CoreData.framework in Frameworks */,
				AA6524271A26023C00F36B48 /* CoreFoundation.framework in Frameworks */,
				AA6524251A26023600F36B48 /* CoreGraphics.framework in Frameworks */,
				AA6523F71A26002500F36B48 /* CoreLocation.framework in Frameworks */,
				AA6524231A26022900F36B48 /* CoreText.framework in Frameworks */,
				AA6524211A26022100F36B48 /* Foundation.framework in Frameworks */,
				AA65241F1A26021B00F36B48 /* GLKit.framework in Frameworks */,
				AA65241D1A26021300F36B48 /* ImageIO.framework in Frameworks */,
				AA65241B1A26020C00F36B48 /* OpenGLES.framework in Frameworks */,
				AA6524191A26020500F36B48 /* SystemConfiguration.framework in Frameworks */,
				AA6524171A2601FA00F36B48 /* libc++.dylib in Frameworks */,
				AA6524151A2601F200F36B48 /* libicucore.dylib in Frameworks */,
				AA6524131A2601EA00F36B48 /* libobjc.dylib in Frameworks */,
				AA6524111A2601E400F36B48 /* libz.dylib in Frameworks */,
				AA65240F1A2601DD00F36B48 /* GoogleMaps.framework in Frameworks */,
				AA65240D1A2601D100F36B48 /* AudioToolbox.framework in Frameworks */,
				AA65240B1A2601CB00F36B48 /* CFNetwork.framework in Frameworks */,
				AA6524091A2601C500F36B48 /* MobileCoreServices.framework in Frameworks */,
				AA6524071A2601BE00F36B48 /* Security.framework in Frameworks */,
				AA6524041A2601B400F36B48 /* Bolts.framework in Frameworks */,
				AA6524051A2601B400F36B48 /* Parse.framework in Frameworks */,
				AA6524011A26019300F36B48 /* MediaPlayer.framework in Frameworks */,
				AA6523FF1A26018C00F36B48 /* DaumSpeech.framework in Frameworks */,
				AA6523FD1A26015900F36B48 /* Accounts.framework in Frameworks */,
				AA6523FB1A26015200F36B48 /* libstdc++.dylib in Frameworks */,
				AA6523F11A25FFA600F36B48 /* QuartzCore.framework in Frameworks */,
				AA6523EF1A25FFA000F36B48 /* UIKit.framework in Frameworks */,
			);
			runOnlyForDeploymentPostprocessing = 0;
		};
		AA6523961A25FC8700F36B48 /* Frameworks */ = {
			isa = PBXFrameworksBuildPhase;
			buildActionMask = 2147483647;
			files = (
			);
			runOnlyForDeploymentPostprocessing = 0;
		};
/* End PBXFrameworksBuildPhase section */

/* Begin PBXGroup section */
		AA6523771A25FC8700F36B48 = {
			isa = PBXGroup;
			children = (
				AA6523EB1A25FDC200F36B48 /* Resources */,
				AA6523A91A25FD0700F36B48 /* Frameworks */,
				AA6523821A25FC8700F36B48 /* Virtual Travel */,
				AA65239C1A25FC8700F36B48 /* Virtual TravelTests */,
				AA6523811A25FC8700F36B48 /* Products */,
			);
			sourceTree = "<group>";
		};
		AA6523811A25FC8700F36B48 /* Products */ = {
			isa = PBXGroup;
			children = (
				AA6523801A25FC8700F36B48 /* Virtual Travel.app */,
				AA6523991A25FC8700F36B48 /* Virtual TravelTests.xctest */,
			);
			name = Products;
			sourceTree = "<group>";
		};
		AA6523821A25FC8700F36B48 /* Virtual Travel */ = {
			isa = PBXGroup;
			children = (
				AA6523E81A25FD8F00F36B48 /* RCApplication.h */,
				AA6523E91A25FD8F00F36B48 /* RCApplication.m */,
				AA6523E51A25FD8A00F36B48 /* streetViewController.h */,
				AA6523E61A25FD8A00F36B48 /* streetViewController.m */,
				AA6523E21A25FD5900F36B48 /* settingViewController.h */,
				AA6523E31A25FD5900F36B48 /* settingViewController.m */,
				AA6523871A25FC8700F36B48 /* AppDelegate.h */,
				AA6523881A25FC8700F36B48 /* AppDelegate.m */,
				AA65238A1A25FC8700F36B48 /* ViewController.h */,
				AA65238B1A25FC8700F36B48 /* ViewController.m */,
				AA65238D1A25FC8700F36B48 /* Main.storyboard */,
				AA6523901A25FC8700F36B48 /* Images.xcassets */,
				AA6523921A25FC8700F36B48 /* LaunchScreen.xib */,
				AA6523831A25FC8700F36B48 /* Supporting Files */,
			);
			path = "Virtual Travel";
			sourceTree = "<group>";
		};
		AA6523831A25FC8700F36B48 /* Supporting Files */ = {
			isa = PBXGroup;
			children = (
				AA6523841A25FC8700F36B48 /* Info.plist */,
				AA6523851A25FC8700F36B48 /* main.m */,
			);
			name = "Supporting Files";
			sourceTree = "<group>";
		};
		AA65239C1A25FC8700F36B48 /* Virtual TravelTests */ = {
			isa = PBXGroup;
			children = (
				AA65239F1A25FC8700F36B48 /* Virtual_TravelTests.m */,
				AA65239D1A25FC8700F36B48 /* Supporting Files */,
			);
			path = "Virtual TravelTests";
			sourceTree = "<group>";
		};
		AA65239D1A25FC8700F36B48 /* Supporting Files */ = {
			isa = PBXGroup;
			children = (
				AA65239E1A25FC8700F36B48 /* Info.plist */,
			);
			name = "Supporting Files";
			sourceTree = "<group>";
		};
		AA6523A91A25FD0700F36B48 /* Frameworks */ = {
			isa = PBXGroup;
			children = (
				AA65242A1A26024700F36B48 /* AVFoundation.framework */,
				AA6524281A26024300F36B48 /* CoreData.framework */,
				AA6524261A26023C00F36B48 /* CoreFoundation.framework */,
				AA6524241A26023600F36B48 /* CoreGraphics.framework */,
				AA6524221A26022900F36B48 /* CoreText.framework */,
				AA6524201A26022100F36B48 /* Foundation.framework */,
				AA65241E1A26021B00F36B48 /* GLKit.framework */,
				AA65241C1A26021300F36B48 /* ImageIO.framework */,
				AA65241A1A26020C00F36B48 /* OpenGLES.framework */,
				AA6524181A26020500F36B48 /* SystemConfiguration.framework */,
				AA6524161A2601FA00F36B48 /* libc++.dylib */,
				AA6524141A2601F200F36B48 /* libicucore.dylib */,
				AA6524121A2601EA00F36B48 /* libobjc.dylib */,
				AA6524101A2601E400F36B48 /* libz.dylib */,
				AA65240E1A2601DD00F36B48 /* GoogleMaps.framework */,
				AA65240C1A2601D100F36B48 /* AudioToolbox.framework */,
				AA65240A1A2601CB00F36B48 /* CFNetwork.framework */,
				AA6524081A2601C500F36B48 /* MobileCoreServices.framework */,
				AA6524061A2601BE00F36B48 /* Security.framework */,
				AA6524021A2601B400F36B48 /* Bolts.framework */,
				AA6524031A2601B400F36B48 /* Parse.framework */,
				AA6524001A26019300F36B48 /* MediaPlayer.framework */,
				AA6523FE1A26018C00F36B48 /* DaumSpeech.framework */,
				AA6523FC1A26015900F36B48 /* Accounts.framework */,
				AA6523FA1A26015200F36B48 /* libstdc++.dylib */,
				AA6523F61A26002500F36B48 /* CoreLocation.framework */,
				AA6523F01A25FFA600F36B48 /* QuartzCore.framework */,
				AA6523EE1A25FFA000F36B48 /* UIKit.framework */,
			);
			name = Frameworks;
			sourceTree = "<group>";
		};
		AA6523EB1A25FDC200F36B48 /* Resources */ = {
			isa = PBXGroup;
			children = (
				AA6523EC1A25FDCC00F36B48 /* GoogleMaps.bundle */,
			);
			name = Resources;
			sourceTree = "<group>";
		};
/* End PBXGroup section */

/* Begin PBXNativeTarget section */
		AA65237F1A25FC8700F36B48 /* Virtual Travel */ = {
			isa = PBXNativeTarget;
			buildConfigurationList = AA6523A31A25FC8700F36B48 /* Build configuration list for PBXNativeTarget "Virtual Travel" */;
			buildPhases = (
				AA65237C1A25FC8700F36B48 /* Sources */,
				AA65237D1A25FC8700F36B48 /* Frameworks */,
				AA65237E1A25FC8700F36B48 /* Resources */,
			);
			buildRules = (
			);
			dependencies = (
			);
			name = "Virtual Travel";
			productName = "Virtual Travel";
			productReference = AA6523801A25FC8700F36B48 /* Virtual Travel.app */;
			productType = "com.apple.product-type.application";
		};
		AA6523981A25FC8700F36B48 /* Virtual TravelTests */ = {
			isa = PBXNativeTarget;
			buildConfigurationList = AA6523A61A25FC8700F36B48 /* Build configuration list for PBXNativeTarget "Virtual TravelTests" */;
			buildPhases = (
				AA6523951A25FC8700F36B48 /* Sources */,
				AA6523961A25FC8700F36B48 /* Frameworks */,
				AA6523971A25FC8700F36B48 /* Resources */,
			);
			buildRules = (
			);
			dependencies = (
				AA65239B1A25FC8700F36B48 /* PBXTargetDependency */,
			);
			name = "Virtual TravelTests";
			productName = "Virtual TravelTests";
			productReference = AA6523991A25FC8700F36B48 /* Virtual TravelTests.xctest */;
			productType = "com.apple.product-type.bundle.unit-test";
		};
/* End PBXNativeTarget section */

/* Begin PBXProject section */
		AA6523781A25FC8700F36B48 /* Project object */ = {
			isa = PBXProject;
			attributes = {
				LastUpgradeCheck = 0610;
				ORGANIZATIONNAME = InciteStudio;
				TargetAttributes = {
					AA65237F1A25FC8700F36B48 = {
						CreatedOnToolsVersion = 6.1;
					};
					AA6523981A25FC8700F36B48 = {
						CreatedOnToolsVersion = 6.1;
						TestTargetID = AA65237F1A25FC8700F36B48;
					};
				};
			};
			buildConfigurationList = AA65237B1A25FC8700F36B48 /* Build configuration list for PBXProject "Virtual Travel" */;
			compatibilityVersion = "Xcode 3.2";
			developmentRegion = English;
			hasScannedForEncodings = 0;
			knownRegions = (
				en,
				Base,
			);
			mainGroup = AA6523771A25FC8700F36B48;
			productRefGroup = AA6523811A25FC8700F36B48 /* Products */;
			projectDirPath = "";
			projectRoot = "";
			targets = (
				AA65237F1A25FC8700F36B48 /* Virtual Travel */,
				AA6523981A25FC8700F36B48 /* Virtual TravelTests */,
			);
		};
/* End PBXProject section */

/* Begin PBXResourcesBuildPhase section */
		AA65237E1A25FC8700F36B48 /* Resources */ = {
			isa = PBXResourcesBuildPhase;
			buildActionMask = 2147483647;
			files = (
				AA65238F1A25FC8700F36B48 /* Main.storyboard in Resources */,
				AA6523941A25FC8700F36B48 /* LaunchScreen.xib in Resources */,
				AA6523911A25FC8700F36B48 /* Images.xcassets in Resources */,
				AA6523ED1A25FDCC00F36B48 /* GoogleMaps.bundle in Resources */,
			);
			runOnlyForDeploymentPostprocessing = 0;
		};
		AA6523971A25FC8700F36B48 /* Resources */ = {
			isa = PBXResourcesBuildPhase;
			buildActionMask = 2147483647;
			files = (
			);
			runOnlyForDeploymentPostprocessing = 0;
		};
/* End PBXResourcesBuildPhase section */

/* Begin PBXSourcesBuildPhase section */
		AA65237C1A25FC8700F36B48 /* Sources */ = {
			isa = PBXSourcesBuildPhase;
			buildActionMask = 2147483647;
			files = (
				AA6523E71A25FD8A00F36B48 /* streetViewController.m in Sources */,
				AA65238C1A25FC8700F36B48 /* ViewController.m in Sources */,
				AA6523891A25FC8700F36B48 /* AppDelegate.m in Sources */,
				AA6523EA1A25FD8F00F36B48 /* RCApplication.m in Sources */,
				AA6523861A25FC8700F36B48 /* main.m in Sources */,
				AA6523E41A25FD5900F36B48 /* settingViewController.m in Sources */,
			);
			runOnlyForDeploymentPostprocessing = 0;
		};
		AA6523951A25FC8700F36B48 /* Sources */ = {
			isa = PBXSourcesBuildPhase;
			buildActionMask = 2147483647;
			files = (
				AA6523A01A25FC8700F36B48 /* Virtual_TravelTests.m in Sources */,
			);
			runOnlyForDeploymentPostprocessing = 0;
		};
/* End PBXSourcesBuildPhase section */

/* Begin PBXTargetDependency section */
		AA65239B1A25FC8700F36B48 /* PBXTargetDependency */ = {
			isa = PBXTargetDependency;
			target = AA65237F1A25FC8700F36B48 /* Virtual Travel */;
			targetProxy = AA65239A1A25FC8700F36B48 /* PBXContainerItemProxy */;
		};
/* End PBXTargetDependency section */

/* Begin PBXVariantGroup section */
		AA65238D1A25FC8700F36B48 /* Main.storyboard */ = {
			isa = PBXVariantGroup;
			children = (
				AA65238E1A25FC8700F36B48 /* Base */,
			);
			name = Main.storyboard;
			sourceTree = "<group>";
		};
		AA6523921A25FC8700F36B48 /* LaunchScreen.xib */ = {
			isa = PBXVariantGroup;
			children = (
				AA6523931A25FC8700F36B48 /* Base */,
			);
			name = LaunchScreen.xib;
			sourceTree = "<group>";
		};
/* End PBXVariantGroup section */

/* Begin XCBuildConfiguration section */
		AA6523A11A25FC8700F36B48 /* Debug */ = {
			isa = XCBuildConfiguration;
			buildSettings = {
				ALWAYS_SEARCH_USER_PATHS = NO;
				CLANG_CXX_LANGUAGE_STANDARD = "gnu++0x";
				CLANG_CXX_LIBRARY = "libc++";
				CLANG_ENABLE_MODULES = YES;
				CLANG_ENABLE_OBJC_ARC = YES;
				CLANG_WARN_BOOL_CONVERSION = YES;
				CLANG_WARN_CONSTANT_CONVERSION = YES;
				CLANG_WARN_DIRECT_OBJC_ISA_USAGE = YES_ERROR;
				CLANG_WARN_EMPTY_BODY = YES;
				CLANG_WARN_ENUM_CONVERSION = YES;
				CLANG_WARN_INT_CONVERSION = YES;
				CLANG_WARN_OBJC_ROOT_CLASS = YES_ERROR;
				CLANG_WARN_UNREACHABLE_CODE = YES;
				CLANG_WARN__DUPLICATE_METHOD_MATCH = YES;
				"CODE_SIGN_IDENTITY[sdk=iphoneos*]" = "iPhone Developer";
				COPY_PHASE_STRIP = NO;
				ENABLE_STRICT_OBJC_MSGSEND = YES;
				GCC_C_LANGUAGE_STANDARD = gnu99;
				GCC_DYNAMIC_NO_PIC = NO;
				GCC_OPTIMIZATION_LEVEL = 0;
				GCC_PREPROCESSOR_DEFINITIONS = (
					"DEBUG=1",
					"$(inherited)",
				);
				GCC_SYMBOLS_PRIVATE_EXTERN = NO;
				GCC_WARN_64_TO_32_BIT_CONVERSION = YES;
				GCC_WARN_ABOUT_RETURN_TYPE = YES_ERROR;
				GCC_WARN_UNDECLARED_SELECTOR = YES;
				GCC_WARN_UNINITIALIZED_AUTOS = YES_AGGRESSIVE;
				GCC_WARN_UNUSED_FUNCTION = YES;
				GCC_WARN_UNUSED_VARIABLE = YES;
				IPHONEOS_DEPLOYMENT_TARGET = 8.1;
				MTL_ENABLE_DEBUG_INFO = YES;
				ONLY_ACTIVE_ARCH = YES;
				SDKROOT = iphoneos;
			};
			name = Debug;
		};
		AA6523A21A25FC8700F36B48 /* Release */ = {
			isa = XCBuildConfiguration;
			buildSettings = {
				ALWAYS_SEARCH_USER_PATHS = NO;
				CLANG_CXX_LANGUAGE_STANDARD = "gnu++0x";
				CLANG_CXX_LIBRARY = "libc++";
				CLANG_ENABLE_MODULES = YES;
				CLANG_ENABLE_OBJC_ARC = YES;
				CLANG_WARN_BOOL_CONVERSION = YES;
				CLANG_WARN_CONSTANT_CONVERSION = YES;
				CLANG_WARN_DIRECT_OBJC_ISA_USAGE = YES_ERROR;
				CLANG_WARN_EMPTY_BODY = YES;
				CLANG_WARN_ENUM_CONVERSION = YES;
				CLANG_WARN_INT_CONVERSION = YES;
				CLANG_WARN_OBJC_ROOT_CLASS = YES_ERROR;
				CLANG_WARN_UNREACHABLE_CODE = YES;
				CLANG_WARN__DUPLICATE_METHOD_MATCH = YES;
				"CODE_SIGN_IDENTITY[sdk=iphoneos*]" = "iPhone Developer";
				COPY_PHASE_STRIP = YES;
				ENABLE_NS_ASSERTIONS = NO;
				ENABLE_STRICT_OBJC_MSGSEND = YES;
				GCC_C_LANGUAGE_STANDARD = gnu99;
				GCC_WARN_64_TO_32_BIT_CONVERSION = YES;
				GCC_WARN_ABOUT_RETURN_TYPE = YES_ERROR;
				GCC_WARN_UNDECLARED_SELECTOR = YES;
				GCC_WARN_UNINITIALIZED_AUTOS = YES_AGGRESSIVE;
				GCC_WARN_UNUSED_FUNCTION = YES;
				GCC_WARN_UNUSED_VARIABLE = YES;
				IPHONEOS_DEPLOYMENT_TARGET = 8.1;
				MTL_ENABLE_DEBUG_INFO = NO;
				SDKROOT = iphoneos;
				VALIDATE_PRODUCT = YES;
			};
			name = Release;
		};
		AA6523A41A25FC8700F36B48 /* Debug */ = {
			isa = XCBuildConfiguration;
			buildSettings = {
				ASSETCATALOG_COMPILER_APPICON_NAME = AppIcon;
				CLANG_CXX_LANGUAGE_STANDARD = "compiler-default";
				CLANG_CXX_LIBRARY = "libstdc++";
				FRAMEWORK_SEARCH_PATHS = (
					"$(inherited)",
					"$(PROJECT_DIR)",
					"/Users/Steve/Downloads/parse-library-1.5.0",
					"/Users/Steve/Downloads/DaumSpeechIphoneOpenApiSample-2.1.0/internal/DaumSpeech-2.1.0/lib/Release",
					"/Users/Steve/Downloads/GoogleMaps-iOS-1.9.0",
				);
				INFOPLIST_FILE = "Virtual Travel/Info.plist";
				IPHONEOS_DEPLOYMENT_TARGET = 6.0;
				LD_RUNPATH_SEARCH_PATHS = "$(inherited) @executable_path/Frameworks";
				LIBRARY_SEARCH_PATHS = (
					"$(inherited)",
					"$(PROJECT_DIR)",
				);
				OTHER_LDFLAGS = "-ObjC";
				PRODUCT_NAME = "$(TARGET_NAME)";
				VALID_ARCHS = "arm64 armv7 armv7s x86_64 i386";
			};
			name = Debug;
		};
		AA6523A51A25FC8700F36B48 /* Release */ = {
			isa = XCBuildConfiguration;
			buildSettings = {
				ASSETCATALOG_COMPILER_APPICON_NAME = AppIcon;
				CLANG_CXX_LANGUAGE_STANDARD = "compiler-default";
				CLANG_CXX_LIBRARY = "libstdc++";
				FRAMEWORK_SEARCH_PATHS = (
					"$(inherited)",
					"$(PROJECT_DIR)",
					"/Users/Steve/Downloads/parse-library-1.5.0",
					"/Users/Steve/Downloads/DaumSpeechIphoneOpenApiSample-2.1.0/internal/DaumSpeech-2.1.0/lib/Release",
					"/Users/Steve/Downloads/GoogleMaps-iOS-1.9.0",
				);
				INFOPLIST_FILE = "Virtual Travel/Info.plist";
				IPHONEOS_DEPLOYMENT_TARGET = 6.0;
				LD_RUNPATH_SEARCH_PATHS = "$(inherited) @executable_path/Frameworks";
				LIBRARY_SEARCH_PATHS = (
					"$(inherited)",
					"$(PROJECT_DIR)",
				);
				OTHER_LDFLAGS = "-ObjC";
				PRODUCT_NAME = "$(TARGET_NAME)";
				VALID_ARCHS = "arm64 armv7 armv7s x86_64 i386";
			};
			name = Release;
		};
		AA6523A71A25FC8700F36B48 /* Debug */ = {
			isa = XCBuildConfiguration;
			buildSettings = {
				BUNDLE_LOADER = "$(TEST_HOST)";
				FRAMEWORK_SEARCH_PATHS = (
					"$(SDKROOT)/Developer/Library/Frameworks",
					"$(inherited)",
				);
				GCC_PREPROCESSOR_DEFINITIONS = (
					"DEBUG=1",
					"$(inherited)",
				);
				INFOPLIST_FILE = "Virtual TravelTests/Info.plist";
				LD_RUNPATH_SEARCH_PATHS = "$(inherited) @executable_path/Frameworks @loader_path/Frameworks";
				PRODUCT_NAME = "$(TARGET_NAME)";
				TEST_HOST = "$(BUILT_PRODUCTS_DIR)/Virtual Travel.app/Virtual Travel";
			};
			name = Debug;
		};
		AA6523A81A25FC8700F36B48 /* Release */ = {
			isa = XCBuildConfiguration;
			buildSettings = {
				BUNDLE_LOADER = "$(TEST_HOST)";
				FRAMEWORK_SEARCH_PATHS = (
					"$(SDKROOT)/Developer/Library/Frameworks",
					"$(inherited)",
				);
				INFOPLIST_FILE = "Virtual TravelTests/Info.plist";
				LD_RUNPATH_SEARCH_PATHS = "$(inherited) @executable_path/Frameworks @loader_path/Frameworks";
				PRODUCT_NAME = "$(TARGET_NAME)";
				TEST_HOST = "$(BUILT_PRODUCTS_DIR)/Virtual Travel.app/Virtual Travel";
			};
			name = Release;
		};
/* End XCBuildConfiguration section */

/* Begin XCConfigurationList section */
		AA65237B1A25FC8700F36B48 /* Build configuration list for PBXProject "Virtual Travel" */ = {
			isa = XCConfigurationList;
			buildConfigurations = (
				AA6523A11A25FC8700F36B48 /* Debug */,
				AA6523A21A25FC8700F36B48 /* Release */,
			);
			defaultConfigurationIsVisible = 0;
			defaultConfigurationName = Release;
		};
		AA6523A31A25FC8700F36B48 /* Build configuration list for PBXNativeTarget "Virtual Travel" */ = {
			isa = XCConfigurationList;
			buildConfigurations = (
				AA6523A41A25FC8700F36B48 /* Debug */,
				AA6523A51A25FC8700F36B48 /* Release */,
			);
			defaultConfigurationIsVisible = 0;
		};
		AA6523A61A25FC8700F36B48 /* Build configuration list for PBXNativeTarget "Virtual TravelTests" */ = {
			isa = XCConfigurationList;
			buildConfigurations = (
				AA6523A71A25FC8700F36B48 /* Debug */,
				AA6523A81A25FC8700F36B48 /* Release */,
			);
			defaultConfigurationIsVisible = 0;
		};
/* End XCConfigurationList section */
	};
	rootObject = AA6523781A25FC8700F36B48 /* Project object */;
}
